
Microsoft Visual Studio Solution File, Format Version 12.00
# Visual Studio Version 16
VisualStudioVersion = 16.0.30717.126
MinimumVisualStudioVersion = 10.0.40219.1
Project("{FAE04EC0-301F-11D3-BF4B-00C04F79EFBC}") = "iPOS", "iPOS.csproj", "{B82113C3-2E6B-44D4-BF81-C1B954ED1C61}"
EndProject
Global
	GlobalSection(SolutionConfigurationPlatforms) = preSolution
		Debug|Any CPU = Debug|Any CPU
		Debug|x64 = Debug|x64
		Release|Any CPU = Release|Any CPU
		Release|x64 = Release|x64
	EndGlobalSection
	GlobalSection(ProjectConfigurationPlatforms) = postSolution
		{B82113C3-2E6B-44D4-BF81-C1B954ED1C61}.Debug|Any CPU.ActiveCfg = Debug|Any CPU
		{B82113C3-2E6B-44D4-BF81-C1B954ED1C61}.Debug|Any CPU.Build.0 = Debug|Any CPU
		{B82113C3-2E6B-44D4-BF81-C1B954ED1C61}.Debug|x64.ActiveCfg = Debug|x64
		{B82113C3-2E6B-44D4-BF81-C1B954ED1C61}.Debug|x64.Build.0 = Debug|x64
		{B82113C3-2E6B-44D4-BF81-C1B954ED1C61}.Release|Any CPU.ActiveCfg = Release|Any CPU
		{B82113C3-2E6B-44D4-BF81-C1B954ED1C61}.Release|Any CPU.Build.0 = Release|Any CPU
		{B82113C3-2E6B-44D4-BF81-C1B954ED1C61}.Release|x64.ActiveCfg = Release|x64
		{B82113C3-2E6B-44D4-BF81-C1B954ED1C61}.Release|x64.Build.0 = Release|x64
	EndGlobalSection
	GlobalSection(SolutionProperties) = preSolution
		HideSolutionNode = FALSE
	EndGlobalSection
	GlobalSection(ExtensibilityGlobals) = postSolution
		SolutionGuid = {9ECD5B61-BF96-46D3-AF92-5B7D89C2D9A3}
	EndGlobalSection
EndGlobal
